
Microsoft Visual Studio Solution File, Format Version 12.00
# Visual Studio 15
VisualStudioVersion = 15.0.26430.16
MinimumVisualStudioVersion = 10.0.40219.1
Project("{FAE04EC0-301F-11D3-BF4B-00C04F79EFBC}") = "Racuni.Konzola", "Racuni.Konzola\Racuni.Konzola.csproj", "{1B103AD2-AA21-420E-8BB6-71287151B958}"
EndProject
Project("{FAE04EC0-301F-11D3-BF4B-00C04F79EFBC}") = "Racuni.Model", "Racuni.Model\Racuni.Model.csproj", "{4C1574D3-965C-4B2A-B6D7-4A0EC353F865}"
EndProject
Project("{FAE04EC0-301F-11D3-BF4B-00C04F79EFBC}") = "Racuni.Repository", "Racuni.Repository\Racuni.Repository.csproj", "{870DF321-B6A5-4245-A92A-9C38C3E5B780}"
EndProject
Global
	GlobalSection(SolutionConfigurationPlatforms) = preSolution
		Debug|Any CPU = Debug|Any CPU
		Release|Any CPU = Release|Any CPU
	EndGlobalSection
	GlobalSection(ProjectConfigurationPlatforms) = postSolution
		{1B103AD2-AA21-420E-8BB6-71287151B958}.Debug|Any CPU.ActiveCfg = Debug|Any CPU
		{1B103AD2-AA21-420E-8BB6-71287151B958}.Debug|Any CPU.Build.0 = Debug|Any CPU
		{1B103AD2-AA21-420E-8BB6-71287151B958}.Release|Any CPU.ActiveCfg = Release|Any CPU
		{1B103AD2-AA21-420E-8BB6-71287151B958}.Release|Any CPU.Build.0 = Release|Any CPU
		{4C1574D3-965C-4B2A-B6D7-4A0EC353F865}.Debug|Any CPU.ActiveCfg = Debug|Any CPU
		{4C1574D3-965C-4B2A-B6D7-4A0EC353F865}.Debug|Any CPU.Build.0 = Debug|Any CPU
		{4C1574D3-965C-4B2A-B6D7-4A0EC353F865}.Release|Any CPU.ActiveCfg = Release|Any CPU
		{4C1574D3-965C-4B2A-B6D7-4A0EC353F865}.Release|Any CPU.Build.0 = Release|Any CPU
		{870DF321-B6A5-4245-A92A-9C38C3E5B780}.Debug|Any CPU.ActiveCfg = Debug|Any CPU
		{870DF321-B6A5-4245-A92A-9C38C3E5B780}.Debug|Any CPU.Build.0 = Debug|Any CPU
		{870DF321-B6A5-4245-A92A-9C38C3E5B780}.Release|Any CPU.ActiveCfg = Release|Any CPU
		{870DF321-B6A5-4245-A92A-9C38C3E5B780}.Release|Any CPU.Build.0 = Release|Any CPU
	EndGlobalSection
	GlobalSection(SolutionProperties) = preSolution
		HideSolutionNode = FALSE
	EndGlobalSection
EndGlobal
